
Microsoft Visual Studio Solution File, Format Version 12.00
# Visual Studio Version 17
VisualStudioVersion = 17.14.36518.9
MinimumVisualStudioVersion = 10.0.40219.1
Project("{888888A0-9F3D-457C-B088-3A5042F75D52}") = "TravelChatbot.App", "TravelChatbot.App\TravelChatbot.App.pyproj", "{19638E07-8658-4E55-8C43-C823BDC42364}"
EndProject
Global
	GlobalSection(SolutionConfigurationPlatforms) = preSolution
		Debug|Any CPU = Debug|Any CPU
		Release|Any CPU = Release|Any CPU
	EndGlobalSection
	GlobalSection(ProjectConfigurationPlatforms) = postSolution
		{19638E07-8658-4E55-8C43-C823BDC42364}.Debug|Any CPU.ActiveCfg = Debug|Any CPU
		{19638E07-8658-4E55-8C43-C823BDC42364}.Debug|Any CPU.Build.0 = Debug|Any CPU
		{19638E07-8658-4E55-8C43-C823BDC42364}.Release|Any CPU.ActiveCfg = Release|Any CPU
		{19638E07-8658-4E55-8C43-C823BDC42364}.Release|Any CPU.Build.0 = Release|Any CPU
	EndGlobalSection
	GlobalSection(SolutionProperties) = preSolution
		HideSolutionNode = FALSE
	EndGlobalSection
	GlobalSection(ExtensibilityGlobals) = postSolution
		SolutionGuid = {B030A26F-E3B9-4259-849F-DAA78E7A1F20}
	EndGlobalSection
EndGlobal
